
Microsoft Visual Studio Solution File, Format Version 12.00
# Visual Studio Version 17
VisualStudioVersion = 17.12.35707.178 d17.12
MinimumVisualStudioVersion = 10.0.40219.1
Project("{FAE04EC0-301F-11D3-BF4B-00C04F79EFBC}") = "Speedtest 2", "Speedtest 2\Speedtest 2.csproj", "{0B382014-1527-4498-941F-0D638C66340B}"
EndProject
Global
	GlobalSection(SolutionConfigurationPlatforms) = preSolution
		Debug|Any CPU = Debug|Any CPU
		Release|Any CPU = Release|Any CPU
	EndGlobalSection
	GlobalSection(ProjectConfigurationPlatforms) = postSolution
		{0B382014-1527-4498-941F-0D638C66340B}.Debug|Any CPU.ActiveCfg = Debug|Any CPU
		{0B382014-1527-4498-941F-0D638C66340B}.Debug|Any CPU.Build.0 = Debug|Any CPU
		{0B382014-1527-4498-941F-0D638C66340B}.Release|Any CPU.ActiveCfg = Release|Any CPU
		{0B382014-1527-4498-941F-0D638C66340B}.Release|Any CPU.Build.0 = Release|Any CPU
	EndGlobalSection
	GlobalSection(SolutionProperties) = preSolution
		HideSolutionNode = FALSE
	EndGlobalSection
EndGlobal
